// !$*UTF8*$!
{
	archiveVersion = 1;
	classes = {
	};
	objectVersion = 51;
	objects = {

/* Begin PBXBuildFile section */
		8E237A49280ED5BB00BFFC3B /* AppDelegate.swift in Sources */ = {isa = PBXBuildFile; fileRef = 8E237A48280ED5BB00BFFC3B /* AppDelegate.swift */; };
		8E237A4B280ED5BB00BFFC3B /* SceneDelegate.swift in Sources */ = {isa = PBXBuildFile; fileRef = 8E237A4A280ED5BB00BFFC3B /* SceneDelegate.swift */; };
		8E237A4D280ED5BB00BFFC3B /* ViewController.swift in Sources */ = {isa = PBXBuildFile; fileRef = 8E237A4C280ED5BB00BFFC3B /* ViewController.swift */; };
		8E237A50280ED5BB00BFFC3B /* Main.storyboard in Resources */ = {isa = PBXBuildFile; fileRef = 8E237A4E280ED5BB00BFFC3B /* Main.storyboard */; };
		8E237A52280ED5BC00BFFC3B /* Assets.xcassets in Resources */ = {isa = PBXBuildFile; fileRef = 8E237A51280ED5BC00BFFC3B /* Assets.xcassets */; };
		8E237A55280ED5BC00BFFC3B /* LaunchScreen.storyboard in Resources */ = {isa = PBXBuildFile; fileRef = 8E237A53280ED5BC00BFFC3B /* LaunchScreen.storyboard */; };
		8E237A5D280ED86100BFFC3B /* CollectionViewController.swift in Sources */ = {isa = PBXBuildFile; fileRef = 8E237A5C280ED86100BFFC3B /* CollectionViewController.swift */; };
		8E237A5F280ED9AC00BFFC3B /* CollectionViewCell.swift in Sources */ = {isa = PBXBuildFile; fileRef = 8E237A5E280ED9AC00BFFC3B /* CollectionViewCell.swift */; };
		8E237A61280EE09700BFFC3B /* cars.png in Resources */ = {isa = PBXBuildFile; fileRef = 8E237A60280EE09700BFFC3B /* cars.png */; };
		E941AAE4B981FAA1D26A7BA4 /* Pods_CollectionView_Lab.framework in Frameworks */ = {isa = PBXBuildFile; fileRef = D9660D179C16E11FE4E4127B /* Pods_CollectionView_Lab.framework */; };
/* End PBXBuildFile section */

/* Begin PBXFileReference section */
		55EF9651945D07CEC7FCCCC4 /* Pods-CollectionView Lab.debug.xcconfig */ = {isa = PBXFileReference; includeInIndex = 1; lastKnownFileType = text.xcconfig; name = "Pods-CollectionView Lab.debug.xcconfig"; path = "Target Support Files/Pods-CollectionView Lab/Pods-CollectionView Lab.debug.xcconfig"; sourceTree = "<group>"; };
		746F26AB80B826B6FEB48918 /* Pods-CollectionView Lab.release.xcconfig */ = {isa = PBXFileReference; includeInIndex = 1; lastKnownFileType = text.xcconfig; name = "Pods-CollectionView Lab.release.xcconfig"; path = "Target Support Files/Pods-CollectionView Lab/Pods-CollectionView Lab.release.xcconfig"; sourceTree = "<group>"; };
		8E237A45280ED5BB00BFFC3B /* CollectionView Lab.app */ = {isa = PBXFileReference; explicitFileType = wrapper.application; includeInIndex = 0; path = "CollectionView Lab.app"; sourceTree = BUILT_PRODUCTS_DIR; };
		8E237A48280ED5BB00BFFC3B /* AppDelegate.swift */ = {isa = PBXFileReference; lastKnownFileType = sourcecode.swift; path = AppDelegate.swift; sourceTree = "<group>"; };
		8E237A4A280ED5BB00BFFC3B /* SceneDelegate.swift */ = {isa = PBXFileReference; lastKnownFileType = sourcecode.swift; path = SceneDelegate.swift; sourceTree = "<group>"; };
		8E237A4C280ED5BB00BFFC3B /* ViewController.swift */ = {isa = PBXFileReference; lastKnownFileType = sourcecode.swift; path = ViewController.swift; sourceTree = "<group>"; };
		8E237A4F280ED5BB00BFFC3B /* Base */ = {isa = PBXFileReference; lastKnownFileType = file.storyboard; name = Base; path = Base.lproj/Main.storyboard; sourceTree = "<group>"; };
		8E237A51280ED5BC00BFFC3B /* Assets.xcassets */ = {isa = PBXFileReference; lastKnownFileType = folder.assetcatalog; path = Assets.xcassets; sourceTree = "<group>"; };
		8E237A54280ED5BC00BFFC3B /* Base */ = {isa = PBXFileReference; lastKnownFileType = file.storyboard; name = Base; path = Base.lproj/LaunchScreen.storyboard; sourceTree = "<group>"; };
		8E237A56280ED5BC00BFFC3B /* Info.plist */ = {isa = PBXFileReference; lastKnownFileType = text.plist.xml; path = Info.plist; sourceTree = "<group>"; };
		8E237A5C280ED86100BFFC3B /* CollectionViewController.swift */ = {isa = PBXFileReference; lastKnownFileType = sourcecode.swift; path = CollectionViewController.swift; sourceTree = "<group>"; };
		8E237A5E280ED9AC00BFFC3B /* CollectionViewCell.swift */ = {isa = PBXFileReference; lastKnownFileType = sourcecode.swift; path = CollectionViewCell.swift; sourceTree = "<group>"; };
		8E237A60280EE09700BFFC3B /* cars.png */ = {isa = PBXFileReference; lastKnownFileType = image.png; path = cars.png; sourceTree = "<group>"; };
		D9660D179C16E11FE4E4127B /* Pods_CollectionView_Lab.framework */ = {isa = PBXFileReference; explicitFileType = wrapper.framework; includeInIndex = 0; path = Pods_CollectionView_Lab.framework; sourceTree = BUILT_PRODUCTS_DIR; };
/* End PBXFileReference section */

/* Begin PBXFrameworksBuildPhase section */
		8E237A42280ED5BB00BFFC3B /* Frameworks */ = {
			isa = PBXFrameworksBuildPhase;
			buildActionMask = 2147483647;
			files = (
				E941AAE4B981FAA1D26A7BA4 /* Pods_CollectionView_Lab.framework in Frameworks */,
			);
			runOnlyForDeploymentPostprocessing = 0;
		};
/* End PBXFrameworksBuildPhase section */

/* Begin PBXGroup section */
		3ECA24A8FE65DF30770CD513 /* Pods */ = {
			isa = PBXGroup;
			children = (
				55EF9651945D07CEC7FCCCC4 /* Pods-CollectionView Lab.debug.xcconfig */,
				746F26AB80B826B6FEB48918 /* Pods-CollectionView Lab.release.xcconfig */,
			);
			path = Pods;
			sourceTree = "<group>";
		};
		8E237A3C280ED5BB00BFFC3B = {
			isa = PBXGroup;
			children = (
				8E237A47280ED5BB00BFFC3B /* CollectionView Lab */,
				8E237A46280ED5BB00BFFC3B /* Products */,
				3ECA24A8FE65DF30770CD513 /* Pods */,
				9B1E2A02E2901E0236CF0C06 /* Frameworks */,
			);
			sourceTree = "<group>";
		};
		8E237A46280ED5BB00BFFC3B /* Products */ = {
			isa = PBXGroup;
			children = (
				8E237A45280ED5BB00BFFC3B /* CollectionView Lab.app */,
			);
			name = Products;
			sourceTree = "<group>";
		};
		8E237A47280ED5BB00BFFC3B /* CollectionView Lab */ = {
			isa = PBXGroup;
			children = (
				8E237A48280ED5BB00BFFC3B /* AppDelegate.swift */,
				8E237A4A280ED5BB00BFFC3B /* SceneDelegate.swift */,
				8E237A4C280ED5BB00BFFC3B /* ViewController.swift */,
				8E237A4E280ED5BB00BFFC3B /* Main.storyboard */,
				8E237A51280ED5BC00BFFC3B /* Assets.xcassets */,
				8E237A53280ED5BC00BFFC3B /* LaunchScreen.storyboard */,
				8E237A56280ED5BC00BFFC3B /* Info.plist */,
				8E237A5C280ED86100BFFC3B /* CollectionViewController.swift */,
				8E237A60280EE09700BFFC3B /* cars.png */,
				8E237A5E280ED9AC00BFFC3B /* CollectionViewCell.swift */,
			);
			path = "CollectionView Lab";
			sourceTree = "<group>";
		};
		9B1E2A02E2901E0236CF0C06 /* Frameworks */ = {
			isa = PBXGroup;
			children = (
				D9660D179C16E11FE4E4127B /* Pods_CollectionView_Lab.framework */,
			);
			name = Frameworks;
			sourceTree = "<group>";
		};
/* End PBXGroup section */

/* Begin PBXNativeTarget section */
		8E237A44280ED5BB00BFFC3B /* CollectionView Lab */ = {
			isa = PBXNativeTarget;
			buildConfigurationList = 8E237A59280ED5BC00BFFC3B /* Build configuration list for PBXNativeTarget "CollectionView Lab" */;
			buildPhases = (
				4C84BA5B2855F74D58B82B3C /* [CP] Check Pods Manifest.lock */,
				8E237A41280ED5BB00BFFC3B /* Sources */,
				8E237A42280ED5BB00BFFC3B /* Frameworks */,
				8E237A43280ED5BB00BFFC3B /* Resources */,
				068C7C6694D8A9ACDE911A27 /* [CP] Embed Pods Frameworks */,
			);
			buildRules = (
			);
			dependencies = (
			);
			name = "CollectionView Lab";
			productName = "CollectionView Lab";
			productReference = 8E237A45280ED5BB00BFFC3B /* CollectionView Lab.app */;
			productType = "com.apple.product-type.application";
		};
/* End PBXNativeTarget section */

/* Begin PBXProject section */
		8E237A3D280ED5BB00BFFC3B /* Project object */ = {
			isa = PBXProject;
			attributes = {
				LastSwiftUpdateCheck = 1130;
				LastUpgradeCheck = 1130;
				ORGANIZATIONNAME = "Karam Ibrahim";
				TargetAttributes = {
					8E237A44280ED5BB00BFFC3B = {
						CreatedOnToolsVersion = 11.3.1;
					};
				};
			};
			buildConfigurationList = 8E237A40280ED5BB00BFFC3B /* Build configuration list for PBXProject "CollectionView Lab" */;
			compatibilityVersion = "Xcode 9.3";
			developmentRegion = en;
			hasScannedForEncodings = 0;
			knownRegions = (
				en,
				Base,
			);
			mainGroup = 8E237A3C280ED5BB00BFFC3B;
			productRefGroup = 8E237A46280ED5BB00BFFC3B /* Products */;
			projectDirPath = "";
			projectRoot = "";
			targets = (
				8E237A44280ED5BB00BFFC3B /* CollectionView Lab */,
			);
		};
/* End PBXProject section */

/* Begin PBXResourcesBuildPhase section */
		8E237A43280ED5BB00BFFC3B /* Resources */ = {
			isa = PBXResourcesBuildPhase;
			buildActionMask = 2147483647;
			files = (
				8E237A61280EE09700BFFC3B /* cars.png in Resources */,
				8E237A55280ED5BC00BFFC3B /* LaunchScreen.storyboard in Resources */,
				8E237A52280ED5BC00BFFC3B /* Assets.xcassets in Resources */,
				8E237A50280ED5BB00BFFC3B /* Main.storyboard in Resources */,
			);
			runOnlyForDeploymentPostprocessing = 0;
		};
/* End PBXResourcesBuildPhase section */

/* Begin PBXShellScriptBuildPhase section */
		068C7C6694D8A9ACDE911A27 /* [CP] Embed Pods Frameworks */ = {
			isa = PBXShellScriptBuildPhase;
			buildActionMask = 2147483647;
			files = (
			);
			inputFileListPaths = (
				"${PODS_ROOT}/Target Support Files/Pods-CollectionView Lab/Pods-CollectionView Lab-frameworks-${CONFIGURATION}-input-files.xcfilelist",
			);
			name = "[CP] Embed Pods Frameworks";
			outputFileListPaths = (
				"${PODS_ROOT}/Target Support Files/Pods-CollectionView Lab/Pods-CollectionView Lab-frameworks-${CONFIGURATION}-output-files.xcfilelist",
			);
			runOnlyForDeploymentPostprocessing = 0;
			shellPath = /bin/sh;
			shellScript = "\"${PODS_ROOT}/Target Support Files/Pods-CollectionView Lab/Pods-CollectionView Lab-frameworks.sh\"\n";
			showEnvVarsInLog = 0;
		};
		4C84BA5B2855F74D58B82B3C /* [CP] Check Pods Manifest.lock */ = {
			isa = PBXShellScriptBuildPhase;
			buildActionMask = 2147483647;
			files = (
			);
			inputFileListPaths = (
			);
			inputPaths = (
				"${PODS_PODFILE_DIR_PATH}/Podfile.lock",
				"${PODS_ROOT}/Manifest.lock",
			);
			name = "[CP] Check Pods Manifest.lock";
			outputFileListPaths = (
			);
			outputPaths = (
				"$(DERIVED_FILE_DIR)/Pods-CollectionView Lab-checkManifestLockResult.txt",
			);
			runOnlyForDeploymentPostprocessing = 0;
			shellPath = /bin/sh;
			shellScript = "diff \"${PODS_PODFILE_DIR_PATH}/Podfile.lock\" \"${PODS_ROOT}/Manifest.lock\" > /dev/null\nif [ $? != 0 ] ; then\n    # print error to STDERR\n    echo \"error: The sandbox is not in sync with the Podfile.lock. Run 'pod install' or update your CocoaPods installation.\" >&2\n    exit 1\nfi\n# This output is used by Xcode 'outputs' to avoid re-running this script phase.\necho \"SUCCESS\" > \"${SCRIPT_OUTPUT_FILE_0}\"\n";
			showEnvVarsInLog = 0;
		};
/* End PBXShellScriptBuildPhase section */

/* Begin PBXSourcesBuildPhase section */
		8E237A41280ED5BB00BFFC3B /* Sources */ = {
			isa = PBXSourcesBuildPhase;
			buildActionMask = 2147483647;
			files = (
				8E237A5F280ED9AC00BFFC3B /* CollectionViewCell.swift in Sources */,
				8E237A5D280ED86100BFFC3B /* CollectionViewController.swift in Sources */,
				8E237A4D280ED5BB00BFFC3B /* ViewController.swift in Sources */,
				8E237A49280ED5BB00BFFC3B /* AppDelegate.swift in Sources */,
				8E237A4B280ED5BB00BFFC3B /* SceneDelegate.swift in Sources */,
			);
			runOnlyForDeploymentPostprocessing = 0;
		};
/* End PBXSourcesBuildPhase section */

/* Begin PBXVariantGroup section */
		8E237A4E280ED5BB00BFFC3B /* Main.storyboard */ = {
			isa = PBXVariantGroup;
			children = (
				8E237A4F280ED5BB00BFFC3B /* Base */,
			);
			name = Main.storyboard;
			sourceTree = "<group>";
		};
		8E237A53280ED5BC00BFFC3B /* LaunchScreen.storyboard */ = {
			isa = PBXVariantGroup;
			children = (
				8E237A54280ED5BC00BFFC3B /* Base */,
			);
			name = LaunchScreen.storyboard;
			sourceTree = "<group>";
		};
/* End PBXVariantGroup section */

/* Begin XCBuildConfiguration section */
		8E237A57280ED5BC00BFFC3B /* Debug */ = {
			isa = XCBuildConfiguration;
			buildSettings = {
				ALWAYS_SEARCH_USER_PATHS = NO;
				CLANG_ANALYZER_NONNULL = YES;
				CLANG_ANALYZER_NUMBER_OBJECT_CONVERSION = YES_AGGRESSIVE;
				CLANG_CXX_LANGUAGE_STANDARD = "gnu++14";
				CLANG_CXX_LIBRARY = "libc++";
				CLANG_ENABLE_MODULES = YES;
				CLANG_ENABLE_OBJC_ARC = YES;
				CLANG_ENABLE_OBJC_WEAK = YES;
				CLANG_WARN_BLOCK_CAPTURE_AUTORELEASING = YES;
				CLANG_WARN_BOOL_CONVERSION = YES;
				CLANG_WARN_COMMA = YES;
				CLANG_WARN_CONSTANT_CONVERSION = YES;
				CLANG_WARN_DEPRECATED_OBJC_IMPLEMENTATIONS = YES;
				CLANG_WARN_DIRECT_OBJC_ISA_USAGE = YES_ERROR;
				CLANG_WARN_DOCUMENTATION_COMMENTS = YES;
				CLANG_WARN_EMPTY_BODY = YES;
				CLANG_WARN_ENUM_CONVERSION = YES;
				CLANG_WARN_INFINITE_RECURSION = YES;
				CLANG_WARN_INT_CONVERSION = YES;
				CLANG_WARN_NON_LITERAL_NULL_CONVERSION = YES;
				CLANG_WARN_OBJC_IMPLICIT_RETAIN_SELF = YES;
				CLANG_WARN_OBJC_LITERAL_CONVERSION = YES;
				CLANG_WARN_OBJC_ROOT_CLASS = YES_ERROR;
				CLANG_WARN_RANGE_LOOP_ANALYSIS = YES;
				CLANG_WARN_STRICT_PROTOTYPES = YES;
				CLANG_WARN_SUSPICIOUS_MOVE = YES;
				CLANG_WARN_UNGUARDED_AVAILABILITY = YES_AGGRESSIVE;
				CLANG_WARN_UNREACHABLE_CODE = YES;
				CLANG_WARN__DUPLICATE_METHOD_MATCH = YES;
				COPY_PHASE_STRIP = NO;
				DEBUG_INFORMATION_FORMAT = dwarf;
				ENABLE_STRICT_OBJC_MSGSEND = YES;
				ENABLE_TESTABILITY = YES;
				GCC_C_LANGUAGE_STANDARD = gnu11;
				GCC_DYNAMIC_NO_PIC = NO;
				GCC_NO_COMMON_BLOCKS = YES;
				GCC_OPTIMIZATION_LEVEL = 0;
				GCC_PREPROCESSOR_DEFINITIONS = (
					"DEBUG=1",
					"$(inherited)",
				);
				GCC_WARN_64_TO_32_BIT_CONVERSION = YES;
				GCC_WARN_ABOUT_RETURN_TYPE = YES_ERROR;
				GCC_WARN_UNDECLARED_SELECTOR = YES;
				GCC_WARN_UNINITIALIZED_AUTOS = YES_AGGRESSIVE;
				GCC_WARN_UNUSED_FUNCTION = YES;
				GCC_WARN_UNUSED_VARIABLE = YES;
				IPHONEOS_DEPLOYMENT_TARGET = 13.2;
				MTL_ENABLE_DEBUG_INFO = INCLUDE_SOURCE;
				MTL_FAST_MATH = YES;
				ONLY_ACTIVE_ARCH = YES;
				SDKROOT = iphoneos;
				SWIFT_ACTIVE_COMPILATION_CONDITIONS = DEBUG;
				SWIFT_OPTIMIZATION_LEVEL = "-Onone";
			};
			name = Debug;
		};
		8E237A58280ED5BC00BFFC3B /* Release */ = {
			isa = XCBuildConfiguration;
			buildSettings = {
				ALWAYS_SEARCH_USER_PATHS = NO;
				CLANG_ANALYZER_NONNULL = YES;
				CLANG_ANALYZER_NUMBER_OBJECT_CONVERSION = YES_AGGRESSIVE;
				CLANG_CXX_LANGUAGE_STANDARD = "gnu++14";
				CLANG_CXX_LIBRARY = "libc++";
				CLANG_ENABLE_MODULES = YES;
				CLANG_ENABLE_OBJC_ARC = YES;
				CLANG_ENABLE_OBJC_WEAK = YES;
				CLANG_WARN_BLOCK_CAPTURE_AUTORELEASING = YES;
				CLANG_WARN_BOOL_CONVERSION = YES;
				CLANG_WARN_COMMA = YES;
				CLANG_WARN_CONSTANT_CONVERSION = YES;
				CLANG_WARN_DEPRECATED_OBJC_IMPLEMENTATIONS = YES;
				CLANG_WARN_DIRECT_OBJC_ISA_USAGE = YES_ERROR;
				CLANG_WARN_DOCUMENTATION_COMMENTS = YES;
				CLANG_WARN_EMPTY_BODY = YES;
				CLANG_WARN_ENUM_CONVERSION = YES;
				CLANG_WARN_INFINITE_RECURSION = YES;
				CLANG_WARN_INT_CONVERSION = YES;
				CLANG_WARN_NON_LITERAL_NULL_CONVERSION = YES;
				CLANG_WARN_OBJC_IMPLICIT_RETAIN_SELF = YES;
				CLANG_WARN_OBJC_LITERAL_CONVERSION = YES;
				CLANG_WARN_OBJC_ROOT_CLASS = YES_ERROR;
				CLANG_WARN_RANGE_LOOP_ANALYSIS = YES;
				CLANG_WARN_STRICT_PROTOTYPES = YES;
				CLANG_WARN_SUSPICIOUS_MOVE = YES;
				CLANG_WARN_UNGUARDED_AVAILABILITY = YES_AGGRESSIVE;
				CLANG_WARN_UNREACHABLE_CODE = YES;
				CLANG_WARN__DUPLICATE_METHOD_MATCH = YES;
				COPY_PHASE_STRIP = NO;
				DEBUG_INFORMATION_FORMAT = "dwarf-with-dsym";
				ENABLE_NS_ASSERTIONS = NO;
				ENABLE_STRICT_OBJC_MSGSEND = YES;
				GCC_C_LANGUAGE_STANDARD = gnu11;
				GCC_NO_COMMON_BLOCKS = YES;
				GCC_WARN_64_TO_32_BIT_CONVERSION = YES;
				GCC_WARN_ABOUT_RETURN_TYPE = YES_ERROR;
				GCC_WARN_UNDECLARED_SELECTOR = YES;
				GCC_WARN_UNINITIALIZED_AUTOS = YES_AGGRESSIVE;
				GCC_WARN_UNUSED_FUNCTION = YES;
				GCC_WARN_UNUSED_VARIABLE = YES;
				IPHONEOS_DEPLOYMENT_TARGET = 13.2;
				MTL_ENABLE_DEBUG_INFO = NO;
				MTL_FAST_MATH = YES;
				SDKROOT = iphoneos;
				SWIFT_COMPILATION_MODE = wholemodule;
				SWIFT_OPTIMIZATION_LEVEL = "-O";
				VALIDATE_PRODUCT = YES;
			};
			name = Release;
		};
		8E237A5A280ED5BC00BFFC3B /* Debug */ = {
			isa = XCBuildConfiguration;
			baseConfigurationReference = 55EF9651945D07CEC7FCCCC4 /* Pods-CollectionView Lab.debug.xcconfig */;
			buildSettings = {
				ASSETCATALOG_COMPILER_APPICON_NAME = AppIcon;
				CODE_SIGN_STYLE = Automatic;
				INFOPLIST_FILE = "CollectionView Lab/Info.plist";
				LD_RUNPATH_SEARCH_PATHS = (
					"$(inherited)",
					"@executable_path/Frameworks",
				);
				PRODUCT_BUNDLE_IDENTIFIER = "iti.CollectionView-Lab";
				PRODUCT_NAME = "$(TARGET_NAME)";
				SWIFT_VERSION = 5.0;
				TARGETED_DEVICE_FAMILY = "1,2";
			};
			name = Debug;
		};
		8E237A5B280ED5BC00BFFC3B /* Release */ = {
			isa = XCBuildConfiguration;
			baseConfigurationReference = 746F26AB80B826B6FEB48918 /* Pods-CollectionView Lab.release.xcconfig */;
			buildSettings = {
				ASSETCATALOG_COMPILER_APPICON_NAME = AppIcon;
				CODE_SIGN_STYLE = Automatic;
				INFOPLIST_FILE = "CollectionView Lab/Info.plist";
				LD_RUNPATH_SEARCH_PATHS = (
					"$(inherited)",
					"@executable_path/Frameworks",
				);
				PRODUCT_BUNDLE_IDENTIFIER = "iti.CollectionView-Lab";
				PRODUCT_NAME = "$(TARGET_NAME)";
				SWIFT_VERSION = 5.0;
				TARGETED_DEVICE_FAMILY = "1,2";
			};
			name = Release;
		};
/* End XCBuildConfiguration section */

/* Begin XCConfigurationList section */
		8E237A40280ED5BB00BFFC3B /* Build configuration list for PBXProject "CollectionView Lab" */ = {
			isa = XCConfigurationList;
			buildConfigurations = (
				8E237A57280ED5BC00BFFC3B /* Debug */,
				8E237A58280ED5BC00BFFC3B /* Release */,
			);
			defaultConfigurationIsVisible = 0;
			defaultConfigurationName = Release;
		};
		8E237A59280ED5BC00BFFC3B /* Build configuration list for PBXNativeTarget "CollectionView Lab" */ = {
			isa = XCConfigurationList;
			buildConfigurations = (
				8E237A5A280ED5BC00BFFC3B /* Debug */,
				8E237A5B280ED5BC00BFFC3B /* Release */,
			);
			defaultConfigurationIsVisible = 0;
			defaultConfigurationName = Release;
		};
/* End XCConfigurationList section */
	};
	rootObject = 8E237A3D280ED5BB00BFFC3B /* Project object */;
}
