// !$*UTF8*$!
{
	archiveVersion = 1;
	classes = {
	};
	objectVersion = 50;
	objects = {

/* Begin PBXBuildFile section */
		2D62F2FF280C34F000A46D7A /* AppDelegate.swift in Sources */ = {isa = PBXBuildFile; fileRef = 2D62F2FE280C34F000A46D7A /* AppDelegate.swift */; };
		2D62F301280C34F000A46D7A /* SceneDelegate.swift in Sources */ = {isa = PBXBuildFile; fileRef = 2D62F300280C34F000A46D7A /* SceneDelegate.swift */; };
		2D62F306280C34F100A46D7A /* Main.storyboard in Resources */ = {isa = PBXBuildFile; fileRef = 2D62F304280C34F100A46D7A /* Main.storyboard */; };
		2D62F308280C352000A46D7A /* Assets.xcassets in Resources */ = {isa = PBXBuildFile; fileRef = 2D62F307280C352000A46D7A /* Assets.xcassets */; };
		2D62F30B280C352000A46D7A /* LaunchScreen.storyboard in Resources */ = {isa = PBXBuildFile; fileRef = 2D62F309280C352000A46D7A /* LaunchScreen.storyboard */; };
		2D62F316280C352000A46D7A /* MoviesTests.swift in Sources */ = {isa = PBXBuildFile; fileRef = 2D62F315280C352000A46D7A /* MoviesTests.swift */; };
		2D62F321280C352100A46D7A /* MoviesUITests.swift in Sources */ = {isa = PBXBuildFile; fileRef = 2D62F320280C352100A46D7A /* MoviesUITests.swift */; };
		2D62F331280C39A300A46D7A /* DetailsMovieViewController.swift in Sources */ = {isa = PBXBuildFile; fileRef = 2D62F330280C39A300A46D7A /* DetailsMovieViewController.swift */; };
		2D62F333280C3BBD00A46D7A /* MyTableViewController.swift in Sources */ = {isa = PBXBuildFile; fileRef = 2D62F332280C3BBD00A46D7A /* MyTableViewController.swift */; };
		2D6CF9772810181E0088D37E /* DBManger.swift in Sources */ = {isa = PBXBuildFile; fileRef = 2D6CF9762810181E0088D37E /* DBManger.swift */; };
		2DD07DEF280D73F10048CBC0 /* AddMovieViewController.swift in Sources */ = {isa = PBXBuildFile; fileRef = 2DD07DEE280D73F00048CBC0 /* AddMovieViewController.swift */; };
		2DD07DF1280D743B0048CBC0 /* AddMovieProtocal.swift in Sources */ = {isa = PBXBuildFile; fileRef = 2DD07DF0280D743B0048CBC0 /* AddMovieProtocal.swift */; };
		8E31161D28116DD5008EAD12 /* Movie.swift in Sources */ = {isa = PBXBuildFile; fileRef = 8E31161C28116DD5008EAD12 /* Movie.swift */; };
/* End PBXBuildFile section */

/* Begin PBXContainerItemProxy section */
		2D62F312280C352000A46D7A /* PBXContainerItemProxy */ = {
			isa = PBXContainerItemProxy;
			containerPortal = 2D62F2F3280C34F000A46D7A /* Project object */;
			proxyType = 1;
			remoteGlobalIDString = 2D62F2FA280C34F000A46D7A;
			remoteInfo = Movies;
		};
		2D62F31D280C352100A46D7A /* PBXContainerItemProxy */ = {
			isa = PBXContainerItemProxy;
			containerPortal = 2D62F2F3280C34F000A46D7A /* Project object */;
			proxyType = 1;
			remoteGlobalIDString = 2D62F2FA280C34F000A46D7A;
			remoteInfo = Movies;
		};
/* End PBXContainerItemProxy section */

/* Begin PBXFileReference section */
		2D62F2FB280C34F000A46D7A /* Movies.app */ = {isa = PBXFileReference; explicitFileType = wrapper.application; includeInIndex = 0; path = Movies.app; sourceTree = BUILT_PRODUCTS_DIR; };
		2D62F2FE280C34F000A46D7A /* AppDelegate.swift */ = {isa = PBXFileReference; lastKnownFileType = sourcecode.swift; path = AppDelegate.swift; sourceTree = "<group>"; };
		2D62F300280C34F000A46D7A /* SceneDelegate.swift */ = {isa = PBXFileReference; lastKnownFileType = sourcecode.swift; path = SceneDelegate.swift; sourceTree = "<group>"; };
		2D62F305280C34F100A46D7A /* Base */ = {isa = PBXFileReference; lastKnownFileType = file.storyboard; name = Base; path = Base.lproj/Main.storyboard; sourceTree = "<group>"; };
		2D62F307280C352000A46D7A /* Assets.xcassets */ = {isa = PBXFileReference; lastKnownFileType = folder.assetcatalog; path = Assets.xcassets; sourceTree = "<group>"; };
		2D62F30A280C352000A46D7A /* Base */ = {isa = PBXFileReference; lastKnownFileType = file.storyboard; name = Base; path = Base.lproj/LaunchScreen.storyboard; sourceTree = "<group>"; };
		2D62F30C280C352000A46D7A /* Info.plist */ = {isa = PBXFileReference; lastKnownFileType = text.plist.xml; path = Info.plist; sourceTree = "<group>"; };
		2D62F311280C352000A46D7A /* MoviesTests.xctest */ = {isa = PBXFileReference; explicitFileType = wrapper.cfbundle; includeInIndex = 0; path = MoviesTests.xctest; sourceTree = BUILT_PRODUCTS_DIR; };
		2D62F315280C352000A46D7A /* MoviesTests.swift */ = {isa = PBXFileReference; lastKnownFileType = sourcecode.swift; path = MoviesTests.swift; sourceTree = "<group>"; };
		2D62F317280C352000A46D7A /* Info.plist */ = {isa = PBXFileReference; lastKnownFileType = text.plist.xml; path = Info.plist; sourceTree = "<group>"; };
		2D62F31C280C352100A46D7A /* MoviesUITests.xctest */ = {isa = PBXFileReference; explicitFileType = wrapper.cfbundle; includeInIndex = 0; path = MoviesUITests.xctest; sourceTree = BUILT_PRODUCTS_DIR; };
		2D62F320280C352100A46D7A /* MoviesUITests.swift */ = {isa = PBXFileReference; lastKnownFileType = sourcecode.swift; path = MoviesUITests.swift; sourceTree = "<group>"; };
		2D62F322280C352100A46D7A /* Info.plist */ = {isa = PBXFileReference; lastKnownFileType = text.plist.xml; path = Info.plist; sourceTree = "<group>"; };
		2D62F330280C39A300A46D7A /* DetailsMovieViewController.swift */ = {isa = PBXFileReference; lastKnownFileType = sourcecode.swift; path = DetailsMovieViewController.swift; sourceTree = "<group>"; };
		2D62F332280C3BBD00A46D7A /* MyTableViewController.swift */ = {isa = PBXFileReference; lastKnownFileType = sourcecode.swift; path = MyTableViewController.swift; sourceTree = "<group>"; };
		2D6CF9762810181E0088D37E /* DBManger.swift */ = {isa = PBXFileReference; lastKnownFileType = sourcecode.swift; path = DBManger.swift; sourceTree = "<group>"; };
		2DD07DEE280D73F00048CBC0 /* AddMovieViewController.swift */ = {isa = PBXFileReference; lastKnownFileType = sourcecode.swift; path = AddMovieViewController.swift; sourceTree = "<group>"; };
		2DD07DF0280D743B0048CBC0 /* AddMovieProtocal.swift */ = {isa = PBXFileReference; lastKnownFileType = sourcecode.swift; path = AddMovieProtocal.swift; sourceTree = "<group>"; };
		8E31161C28116DD5008EAD12 /* Movie.swift */ = {isa = PBXFileReference; fileEncoding = 4; lastKnownFileType = sourcecode.swift; path = Movie.swift; sourceTree = "<group>"; };
/* End PBXFileReference section */

/* Begin PBXFrameworksBuildPhase section */
		2D62F2F8280C34F000A46D7A /* Frameworks */ = {
			isa = PBXFrameworksBuildPhase;
			buildActionMask = 2147483647;
			files = (
			);
			runOnlyForDeploymentPostprocessing = 0;
		};
		2D62F30E280C352000A46D7A /* Frameworks */ = {
			isa = PBXFrameworksBuildPhase;
			buildActionMask = 2147483647;
			files = (
			);
			runOnlyForDeploymentPostprocessing = 0;
		};
		2D62F319280C352100A46D7A /* Frameworks */ = {
			isa = PBXFrameworksBuildPhase;
			buildActionMask = 2147483647;
			files = (
			);
			runOnlyForDeploymentPostprocessing = 0;
		};
/* End PBXFrameworksBuildPhase section */

/* Begin PBXGroup section */
		2D62F2F2280C34F000A46D7A = {
			isa = PBXGroup;
			children = (
				2D62F2FD280C34F000A46D7A /* Movies */,
				2D62F314280C352000A46D7A /* MoviesTests */,
				2D62F31F280C352100A46D7A /* MoviesUITests */,
				2D62F2FC280C34F000A46D7A /* Products */,
			);
			sourceTree = "<group>";
		};
		2D62F2FC280C34F000A46D7A /* Products */ = {
			isa = PBXGroup;
			children = (
				2D62F2FB280C34F000A46D7A /* Movies.app */,
				2D62F311280C352000A46D7A /* MoviesTests.xctest */,
				2D62F31C280C352100A46D7A /* MoviesUITests.xctest */,
			);
			name = Products;
			sourceTree = "<group>";
		};
		2D62F2FD280C34F000A46D7A /* Movies */ = {
			isa = PBXGroup;
			children = (
				2D62F2FE280C34F000A46D7A /* AppDelegate.swift */,
				2D62F300280C34F000A46D7A /* SceneDelegate.swift */,
				2D62F304280C34F100A46D7A /* Main.storyboard */,
				2D62F307280C352000A46D7A /* Assets.xcassets */,
				2D62F309280C352000A46D7A /* LaunchScreen.storyboard */,
				2D62F30C280C352000A46D7A /* Info.plist */,
				2D62F330280C39A300A46D7A /* DetailsMovieViewController.swift */,
				2D62F332280C3BBD00A46D7A /* MyTableViewController.swift */,
				2DD07DEE280D73F00048CBC0 /* AddMovieViewController.swift */,
				8E31161C28116DD5008EAD12 /* Movie.swift */,
				2DD07DF0280D743B0048CBC0 /* AddMovieProtocal.swift */,
				2D6CF9762810181E0088D37E /* DBManger.swift */,
			);
			path = Movies;
			sourceTree = "<group>";
		};
		2D62F314280C352000A46D7A /* MoviesTests */ = {
			isa = PBXGroup;
			children = (
				2D62F315280C352000A46D7A /* MoviesTests.swift */,
				2D62F317280C352000A46D7A /* Info.plist */,
			);
			path = MoviesTests;
			sourceTree = "<group>";
		};
		2D62F31F280C352100A46D7A /* MoviesUITests */ = {
			isa = PBXGroup;
			children = (
				2D62F320280C352100A46D7A /* MoviesUITests.swift */,
				2D62F322280C352100A46D7A /* Info.plist */,
			);
			path = MoviesUITests;
			sourceTree = "<group>";
		};
/* End PBXGroup section */

/* Begin PBXNativeTarget section */
		2D62F2FA280C34F000A46D7A /* Movies */ = {
			isa = PBXNativeTarget;
			buildConfigurationList = 2D62F325280C352100A46D7A /* Build configuration list for PBXNativeTarget "Movies" */;
			buildPhases = (
				2D62F2F7280C34F000A46D7A /* Sources */,
				2D62F2F8280C34F000A46D7A /* Frameworks */,
				2D62F2F9280C34F000A46D7A /* Resources */,
			);
			buildRules = (
			);
			dependencies = (
			);
			name = Movies;
			productName = Movies;
			productReference = 2D62F2FB280C34F000A46D7A /* Movies.app */;
			productType = "com.apple.product-type.application";
		};
		2D62F310280C352000A46D7A /* MoviesTests */ = {
			isa = PBXNativeTarget;
			buildConfigurationList = 2D62F328280C352100A46D7A /* Build configuration list for PBXNativeTarget "MoviesTests" */;
			buildPhases = (
				2D62F30D280C352000A46D7A /* Sources */,
				2D62F30E280C352000A46D7A /* Frameworks */,
				2D62F30F280C352000A46D7A /* Resources */,
			);
			buildRules = (
			);
			dependencies = (
				2D62F313280C352000A46D7A /* PBXTargetDependency */,
			);
			name = MoviesTests;
			productName = MoviesTests;
			productReference = 2D62F311280C352000A46D7A /* MoviesTests.xctest */;
			productType = "com.apple.product-type.bundle.unit-test";
		};
		2D62F31B280C352100A46D7A /* MoviesUITests */ = {
			isa = PBXNativeTarget;
			buildConfigurationList = 2D62F32B280C352100A46D7A /* Build configuration list for PBXNativeTarget "MoviesUITests" */;
			buildPhases = (
				2D62F318280C352100A46D7A /* Sources */,
				2D62F319280C352100A46D7A /* Frameworks */,
				2D62F31A280C352100A46D7A /* Resources */,
			);
			buildRules = (
			);
			dependencies = (
				2D62F31E280C352100A46D7A /* PBXTargetDependency */,
			);
			name = MoviesUITests;
			productName = MoviesUITests;
			productReference = 2D62F31C280C352100A46D7A /* MoviesUITests.xctest */;
			productType = "com.apple.product-type.bundle.ui-testing";
		};
/* End PBXNativeTarget section */

/* Begin PBXProject section */
		2D62F2F3280C34F000A46D7A /* Project object */ = {
			isa = PBXProject;
			attributes = {
				LastSwiftUpdateCheck = 1100;
				LastUpgradeCheck = 1100;
				ORGANIZATIONNAME = ayahassan;
				TargetAttributes = {
					2D62F2FA280C34F000A46D7A = {
						CreatedOnToolsVersion = 11.0;
					};
					2D62F310280C352000A46D7A = {
						CreatedOnToolsVersion = 11.0;
						TestTargetID = 2D62F2FA280C34F000A46D7A;
					};
					2D62F31B280C352100A46D7A = {
						CreatedOnToolsVersion = 11.0;
						TestTargetID = 2D62F2FA280C34F000A46D7A;
					};
				};
			};
			buildConfigurationList = 2D62F2F6280C34F000A46D7A /* Build configuration list for PBXProject "Movies" */;
			compatibilityVersion = "Xcode 9.3";
			developmentRegion = en;
			hasScannedForEncodings = 0;
			knownRegions = (
				en,
				Base,
			);
			mainGroup = 2D62F2F2280C34F000A46D7A;
			productRefGroup = 2D62F2FC280C34F000A46D7A /* Products */;
			projectDirPath = "";
			projectRoot = "";
			targets = (
				2D62F2FA280C34F000A46D7A /* Movies */,
				2D62F310280C352000A46D7A /* MoviesTests */,
				2D62F31B280C352100A46D7A /* MoviesUITests */,
			);
		};
/* End PBXProject section */

/* Begin PBXResourcesBuildPhase section */
		2D62F2F9280C34F000A46D7A /* Resources */ = {
			isa = PBXResourcesBuildPhase;
			buildActionMask = 2147483647;
			files = (
				2D62F30B280C352000A46D7A /* LaunchScreen.storyboard in Resources */,
				2D62F308280C352000A46D7A /* Assets.xcassets in Resources */,
				2D62F306280C34F100A46D7A /* Main.storyboard in Resources */,
			);
			runOnlyForDeploymentPostprocessing = 0;
		};
		2D62F30F280C352000A46D7A /* Resources */ = {
			isa = PBXResourcesBuildPhase;
			buildActionMask = 2147483647;
			files = (
			);
			runOnlyForDeploymentPostprocessing = 0;
		};
		2D62F31A280C352100A46D7A /* Resources */ = {
			isa = PBXResourcesBuildPhase;
			buildActionMask = 2147483647;
			files = (
			);
			runOnlyForDeploymentPostprocessing = 0;
		};
/* End PBXResourcesBuildPhase section */

/* Begin PBXSourcesBuildPhase section */
		2D62F2F7280C34F000A46D7A /* Sources */ = {
			isa = PBXSourcesBuildPhase;
			buildActionMask = 2147483647;
			files = (
				2D62F333280C3BBD00A46D7A /* MyTableViewController.swift in Sources */,
				2D6CF9772810181E0088D37E /* DBManger.swift in Sources */,
				2DD07DF1280D743B0048CBC0 /* AddMovieProtocal.swift in Sources */,
				2D62F2FF280C34F000A46D7A /* AppDelegate.swift in Sources */,
				2D62F331280C39A300A46D7A /* DetailsMovieViewController.swift in Sources */,
				2D62F301280C34F000A46D7A /* SceneDelegate.swift in Sources */,
				8E31161D28116DD5008EAD12 /* Movie.swift in Sources */,
				2DD07DEF280D73F10048CBC0 /* AddMovieViewController.swift in Sources */,
			);
			runOnlyForDeploymentPostprocessing = 0;
		};
		2D62F30D280C352000A46D7A /* Sources */ = {
			isa = PBXSourcesBuildPhase;
			buildActionMask = 2147483647;
			files = (
				2D62F316280C352000A46D7A /* MoviesTests.swift in Sources */,
			);
			runOnlyForDeploymentPostprocessing = 0;
		};
		2D62F318280C352100A46D7A /* Sources */ = {
			isa = PBXSourcesBuildPhase;
			buildActionMask = 2147483647;
			files = (
				2D62F321280C352100A46D7A /* MoviesUITests.swift in Sources */,
			);
			runOnlyForDeploymentPostprocessing = 0;
		};
/* End PBXSourcesBuildPhase section */

/* Begin PBXTargetDependency section */
		2D62F313280C352000A46D7A /* PBXTargetDependency */ = {
			isa = PBXTargetDependency;
			target = 2D62F2FA280C34F000A46D7A /* Movies */;
			targetProxy = 2D62F312280C352000A46D7A /* PBXContainerItemProxy */;
		};
		2D62F31E280C352100A46D7A /* PBXTargetDependency */ = {
			isa = PBXTargetDependency;
			target = 2D62F2FA280C34F000A46D7A /* Movies */;
			targetProxy = 2D62F31D280C352100A46D7A /* PBXContainerItemProxy */;
		};
/* End PBXTargetDependency section */

/* Begin PBXVariantGroup section */
		2D62F304280C34F100A46D7A /* Main.storyboard */ = {
			isa = PBXVariantGroup;
			children = (
				2D62F305280C34F100A46D7A /* Base */,
			);
			name = Main.storyboard;
			sourceTree = "<group>";
		};
		2D62F309280C352000A46D7A /* LaunchScreen.storyboard */ = {
			isa = PBXVariantGroup;
			children = (
				2D62F30A280C352000A46D7A /* Base */,
			);
			name = LaunchScreen.storyboard;
			sourceTree = "<group>";
		};
/* End PBXVariantGroup section */

/* Begin XCBuildConfiguration section */
		2D62F323280C352100A46D7A /* Debug */ = {
			isa = XCBuildConfiguration;
			buildSettings = {
				ALWAYS_SEARCH_USER_PATHS = NO;
				CLANG_ANALYZER_NONNULL = YES;
				CLANG_ANALYZER_NUMBER_OBJECT_CONVERSION = YES_AGGRESSIVE;
				CLANG_CXX_LANGUAGE_STANDARD = "gnu++14";
				CLANG_CXX_LIBRARY = "libc++";
				CLANG_ENABLE_MODULES = YES;
				CLANG_ENABLE_OBJC_ARC = YES;
				CLANG_ENABLE_OBJC_WEAK = YES;
				CLANG_WARN_BLOCK_CAPTURE_AUTORELEASING = YES;
				CLANG_WARN_BOOL_CONVERSION = YES;
				CLANG_WARN_COMMA = YES;
				CLANG_WARN_CONSTANT_CONVERSION = YES;
				CLANG_WARN_DEPRECATED_OBJC_IMPLEMENTATIONS = YES;
				CLANG_WARN_DIRECT_OBJC_ISA_USAGE = YES_ERROR;
				CLANG_WARN_DOCUMENTATION_COMMENTS = YES;
				CLANG_WARN_EMPTY_BODY = YES;
				CLANG_WARN_ENUM_CONVERSION = YES;
				CLANG_WARN_INFINITE_RECURSION = YES;
				CLANG_WARN_INT_CONVERSION = YES;
				CLANG_WARN_NON_LITERAL_NULL_CONVERSION = YES;
				CLANG_WARN_OBJC_IMPLICIT_RETAIN_SELF = YES;
				CLANG_WARN_OBJC_LITERAL_CONVERSION = YES;
				CLANG_WARN_OBJC_ROOT_CLASS = YES_ERROR;
				CLANG_WARN_RANGE_LOOP_ANALYSIS = YES;
				CLANG_WARN_STRICT_PROTOTYPES = YES;
				CLANG_WARN_SUSPICIOUS_MOVE = YES;
				CLANG_WARN_UNGUARDED_AVAILABILITY = YES_AGGRESSIVE;
				CLANG_WARN_UNREACHABLE_CODE = YES;
				CLANG_WARN__DUPLICATE_METHOD_MATCH = YES;
				COPY_PHASE_STRIP = NO;
				DEBUG_INFORMATION_FORMAT = dwarf;
				ENABLE_STRICT_OBJC_MSGSEND = YES;
				ENABLE_TESTABILITY = YES;
				GCC_C_LANGUAGE_STANDARD = gnu11;
				GCC_DYNAMIC_NO_PIC = NO;
				GCC_NO_COMMON_BLOCKS = YES;
				GCC_OPTIMIZATION_LEVEL = 0;
				GCC_PREPROCESSOR_DEFINITIONS = (
					"DEBUG=1",
					"$(inherited)",
				);
				GCC_WARN_64_TO_32_BIT_CONVERSION = YES;
				GCC_WARN_ABOUT_RETURN_TYPE = YES_ERROR;
				GCC_WARN_UNDECLARED_SELECTOR = YES;
				GCC_WARN_UNINITIALIZED_AUTOS = YES_AGGRESSIVE;
				GCC_WARN_UNUSED_FUNCTION = YES;
				GCC_WARN_UNUSED_VARIABLE = YES;
				IPHONEOS_DEPLOYMENT_TARGET = 13.0;
				MTL_ENABLE_DEBUG_INFO = INCLUDE_SOURCE;
				MTL_FAST_MATH = YES;
				ONLY_ACTIVE_ARCH = YES;
				SDKROOT = iphoneos;
				SWIFT_ACTIVE_COMPILATION_CONDITIONS = DEBUG;
				SWIFT_OPTIMIZATION_LEVEL = "-Onone";
			};
			name = Debug;
		};
		2D62F324280C352100A46D7A /* Release */ = {
			isa = XCBuildConfiguration;
			buildSettings = {
				ALWAYS_SEARCH_USER_PATHS = NO;
				CLANG_ANALYZER_NONNULL = YES;
				CLANG_ANALYZER_NUMBER_OBJECT_CONVERSION = YES_AGGRESSIVE;
				CLANG_CXX_LANGUAGE_STANDARD = "gnu++14";
				CLANG_CXX_LIBRARY = "libc++";
				CLANG_ENABLE_MODULES = YES;
				CLANG_ENABLE_OBJC_ARC = YES;
				CLANG_ENABLE_OBJC_WEAK = YES;
				CLANG_WARN_BLOCK_CAPTURE_AUTORELEASING = YES;
				CLANG_WARN_BOOL_CONVERSION = YES;
				CLANG_WARN_COMMA = YES;
				CLANG_WARN_CONSTANT_CONVERSION = YES;
				CLANG_WARN_DEPRECATED_OBJC_IMPLEMENTATIONS = YES;
				CLANG_WARN_DIRECT_OBJC_ISA_USAGE = YES_ERROR;
				CLANG_WARN_DOCUMENTATION_COMMENTS = YES;
				CLANG_WARN_EMPTY_BODY = YES;
				CLANG_WARN_ENUM_CONVERSION = YES;
				CLANG_WARN_INFINITE_RECURSION = YES;
				CLANG_WARN_INT_CONVERSION = YES;
				CLANG_WARN_NON_LITERAL_NULL_CONVERSION = YES;
				CLANG_WARN_OBJC_IMPLICIT_RETAIN_SELF = YES;
				CLANG_WARN_OBJC_LITERAL_CONVERSION = YES;
				CLANG_WARN_OBJC_ROOT_CLASS = YES_ERROR;
				CLANG_WARN_RANGE_LOOP_ANALYSIS = YES;
				CLANG_WARN_STRICT_PROTOTYPES = YES;
				CLANG_WARN_SUSPICIOUS_MOVE = YES;
				CLANG_WARN_UNGUARDED_AVAILABILITY = YES_AGGRESSIVE;
				CLANG_WARN_UNREACHABLE_CODE = YES;
				CLANG_WARN__DUPLICATE_METHOD_MATCH = YES;
				COPY_PHASE_STRIP = NO;
				DEBUG_INFORMATION_FORMAT = "dwarf-with-dsym";
				ENABLE_NS_ASSERTIONS = NO;
				ENABLE_STRICT_OBJC_MSGSEND = YES;
				GCC_C_LANGUAGE_STANDARD = gnu11;
				GCC_NO_COMMON_BLOCKS = YES;
				GCC_WARN_64_TO_32_BIT_CONVERSION = YES;
				GCC_WARN_ABOUT_RETURN_TYPE = YES_ERROR;
				GCC_WARN_UNDECLARED_SELECTOR = YES;
				GCC_WARN_UNINITIALIZED_AUTOS = YES_AGGRESSIVE;
				GCC_WARN_UNUSED_FUNCTION = YES;
				GCC_WARN_UNUSED_VARIABLE = YES;
				IPHONEOS_DEPLOYMENT_TARGET = 13.0;
				MTL_ENABLE_DEBUG_INFO = NO;
				MTL_FAST_MATH = YES;
				SDKROOT = iphoneos;
				SWIFT_COMPILATION_MODE = wholemodule;
				SWIFT_OPTIMIZATION_LEVEL = "-O";
				VALIDATE_PRODUCT = YES;
			};
			name = Release;
		};
		2D62F326280C352100A46D7A /* Debug */ = {
			isa = XCBuildConfiguration;
			buildSettings = {
				ASSETCATALOG_COMPILER_APPICON_NAME = AppIcon;
				CODE_SIGN_STYLE = Automatic;
				INFOPLIST_FILE = Movies/Info.plist;
				LD_RUNPATH_SEARCH_PATHS = (
					"$(inherited)",
					"@executable_path/Frameworks",
				);
				PRODUCT_BUNDLE_IDENTIFIER = Aya.Movies;
				PRODUCT_NAME = "$(TARGET_NAME)";
				SWIFT_VERSION = 5.0;
				TARGETED_DEVICE_FAMILY = "1,2";
			};
			name = Debug;
		};
		2D62F327280C352100A46D7A /* Release */ = {
			isa = XCBuildConfiguration;
			buildSettings = {
				ASSETCATALOG_COMPILER_APPICON_NAME = AppIcon;
				CODE_SIGN_STYLE = Automatic;
				INFOPLIST_FILE = Movies/Info.plist;
				LD_RUNPATH_SEARCH_PATHS = (
					"$(inherited)",
					"@executable_path/Frameworks",
				);
				PRODUCT_BUNDLE_IDENTIFIER = Aya.Movies;
				PRODUCT_NAME = "$(TARGET_NAME)";
				SWIFT_VERSION = 5.0;
				TARGETED_DEVICE_FAMILY = "1,2";
			};
			name = Release;
		};
		2D62F329280C352100A46D7A /* Debug */ = {
			isa = XCBuildConfiguration;
			buildSettings = {
				ALWAYS_EMBED_SWIFT_STANDARD_LIBRARIES = YES;
				BUNDLE_LOADER = "$(TEST_HOST)";
				CODE_SIGN_STYLE = Automatic;
				INFOPLIST_FILE = MoviesTests/Info.plist;
				IPHONEOS_DEPLOYMENT_TARGET = 13.0;
				LD_RUNPATH_SEARCH_PATHS = (
					"$(inherited)",
					"@executable_path/Frameworks",
					"@loader_path/Frameworks",
				);
				PRODUCT_BUNDLE_IDENTIFIER = Aya.MoviesTests;
				PRODUCT_NAME = "$(TARGET_NAME)";
				SWIFT_VERSION = 5.0;
				TARGETED_DEVICE_FAMILY = "1,2";
				TEST_HOST = "$(BUILT_PRODUCTS_DIR)/Movies.app/Movies";
			};
			name = Debug;
		};
		2D62F32A280C352100A46D7A /* Release */ = {
			isa = XCBuildConfiguration;
			buildSettings = {
				ALWAYS_EMBED_SWIFT_STANDARD_LIBRARIES = YES;
				BUNDLE_LOADER = "$(TEST_HOST)";
				CODE_SIGN_STYLE = Automatic;
				INFOPLIST_FILE = MoviesTests/Info.plist;
				IPHONEOS_DEPLOYMENT_TARGET = 13.0;
				LD_RUNPATH_SEARCH_PATHS = (
					"$(inherited)",
					"@executable_path/Frameworks",
					"@loader_path/Frameworks",
				);
				PRODUCT_BUNDLE_IDENTIFIER = Aya.MoviesTests;
				PRODUCT_NAME = "$(TARGET_NAME)";
				SWIFT_VERSION = 5.0;
				TARGETED_DEVICE_FAMILY = "1,2";
				TEST_HOST = "$(BUILT_PRODUCTS_DIR)/Movies.app/Movies";
			};
			name = Release;
		};
		2D62F32C280C352100A46D7A /* Debug */ = {
			isa = XCBuildConfiguration;
			buildSettings = {
				ALWAYS_EMBED_SWIFT_STANDARD_LIBRARIES = YES;
				CODE_SIGN_STYLE = Automatic;
				INFOPLIST_FILE = MoviesUITests/Info.plist;
				LD_RUNPATH_SEARCH_PATHS = (
					"$(inherited)",
					"@executable_path/Frameworks",
					"@loader_path/Frameworks",
				);
				PRODUCT_BUNDLE_IDENTIFIER = Aya.MoviesUITests;
				PRODUCT_NAME = "$(TARGET_NAME)";
				SWIFT_VERSION = 5.0;
				TARGETED_DEVICE_FAMILY = "1,2";
				TEST_TARGET_NAME = Movies;
			};
			name = Debug;
		};
		2D62F32D280C352100A46D7A /* Release */ = {
			isa = XCBuildConfiguration;
			buildSettings = {
				ALWAYS_EMBED_SWIFT_STANDARD_LIBRARIES = YES;
				CODE_SIGN_STYLE = Automatic;
				INFOPLIST_FILE = MoviesUITests/Info.plist;
				LD_RUNPATH_SEARCH_PATHS = (
					"$(inherited)",
					"@executable_path/Frameworks",
					"@loader_path/Frameworks",
				);
				PRODUCT_BUNDLE_IDENTIFIER = Aya.MoviesUITests;
				PRODUCT_NAME = "$(TARGET_NAME)";
				SWIFT_VERSION = 5.0;
				TARGETED_DEVICE_FAMILY = "1,2";
				TEST_TARGET_NAME = Movies;
			};
			name = Release;
		};
/* End XCBuildConfiguration section */

/* Begin XCConfigurationList section */
		2D62F2F6280C34F000A46D7A /* Build configuration list for PBXProject "Movies" */ = {
			isa = XCConfigurationList;
			buildConfigurations = (
				2D62F323280C352100A46D7A /* Debug */,
				2D62F324280C352100A46D7A /* Release */,
			);
			defaultConfigurationIsVisible = 0;
			defaultConfigurationName = Release;
		};
		2D62F325280C352100A46D7A /* Build configuration list for PBXNativeTarget "Movies" */ = {
			isa = XCConfigurationList;
			buildConfigurations = (
				2D62F326280C352100A46D7A /* Debug */,
				2D62F327280C352100A46D7A /* Release */,
			);
			defaultConfigurationIsVisible = 0;
			defaultConfigurationName = Release;
		};
		2D62F328280C352100A46D7A /* Build configuration list for PBXNativeTarget "MoviesTests" */ = {
			isa = XCConfigurationList;
			buildConfigurations = (
				2D62F329280C352100A46D7A /* Debug */,
				2D62F32A280C352100A46D7A /* Release */,
			);
			defaultConfigurationIsVisible = 0;
			defaultConfigurationName = Release;
		};
		2D62F32B280C352100A46D7A /* Build configuration list for PBXNativeTarget "MoviesUITests" */ = {
			isa = XCConfigurationList;
			buildConfigurations = (
				2D62F32C280C352100A46D7A /* Debug */,
				2D62F32D280C352100A46D7A /* Release */,
			);
			defaultConfigurationIsVisible = 0;
			defaultConfigurationName = Release;
		};
/* End XCConfigurationList section */
	};
	rootObject = 2D62F2F3280C34F000A46D7A /* Project object */;
}
